
Microsoft Visual Studio Solution File, Format Version 12.00
# Visual Studio Version 18
VisualStudioVersion = 18.0.11005.162
MinimumVisualStudioVersion = 10.0.40219.1
Project("{FAE04EC0-301F-11D3-BF4B-00C04F79EFBC}") = "SqlProcessorCommand", "src\SqlProcessorCommand.csproj", "{66BECF01-4348-EE49-944A-96A7E9053AF0}"
EndProject
Project("{FAE04EC0-301F-11D3-BF4B-00C04F79EFBC}") = "SqlProcessorTests", "SqlProcessorTests\SqlProcessorTests.csproj", "{61AD106D-7205-4C56-AC3F-59A9C55C3D35}"
EndProject
Global
	GlobalSection(SolutionConfigurationPlatforms) = preSolution
		Debug|Any CPU = Debug|Any CPU
		Release|Any CPU = Release|Any CPU
	EndGlobalSection
	GlobalSection(ProjectConfigurationPlatforms) = postSolution
		{66BECF01-4348-EE49-944A-96A7E9053AF0}.Debug|Any CPU.ActiveCfg = Debug|Any CPU
		{66BECF01-4348-EE49-944A-96A7E9053AF0}.Debug|Any CPU.Build.0 = Debug|Any CPU
		{66BECF01-4348-EE49-944A-96A7E9053AF0}.Release|Any CPU.ActiveCfg = Release|Any CPU
		{66BECF01-4348-EE49-944A-96A7E9053AF0}.Release|Any CPU.Build.0 = Release|Any CPU
		{61AD106D-7205-4C56-AC3F-59A9C55C3D35}.Debug|Any CPU.ActiveCfg = Debug|Any CPU
		{61AD106D-7205-4C56-AC3F-59A9C55C3D35}.Debug|Any CPU.Build.0 = Debug|Any CPU
		{61AD106D-7205-4C56-AC3F-59A9C55C3D35}.Release|Any CPU.ActiveCfg = Release|Any CPU
		{61AD106D-7205-4C56-AC3F-59A9C55C3D35}.Release|Any CPU.Build.0 = Release|Any CPU
	EndGlobalSection
	GlobalSection(SolutionProperties) = preSolution
		HideSolutionNode = FALSE
	EndGlobalSection
	GlobalSection(ExtensibilityGlobals) = postSolution
		SolutionGuid = {2BA31D2C-662B-4DE3-A77F-95089E365B5D}
	EndGlobalSection
EndGlobal
